
Microsoft Visual Studio Solution File, Format Version 12.00
# Visual Studio Version 16
VisualStudioVersion = 16.0.30717.126
MinimumVisualStudioVersion = 10.0.40219.1
Project("{FAE04EC0-301F-11D3-BF4B-00C04F79EFBC}") = "DKClinic.Data", "DKClinic.Data\DKClinic.Data.csproj", "{6A675453-7F64-4DAE-A80E-FD53641495B4}"
EndProject
Project("{FAE04EC0-301F-11D3-BF4B-00C04F79EFBC}") = "DKClinic.UnitTest", "DKClinic.UnitTest\DKClinic.UnitTest.csproj", "{DE04A0F2-CF13-4EF2-A299-256CA668D262}"
EndProject
Project("{FAE04EC0-301F-11D3-BF4B-00C04F79EFBC}") = "DKClinic.EmployeeProgram", "DKClinic.EmployeeProgram\DKClinic.EmployeeProgram.csproj", "{F040B52A-5588-4261-9D8D-457481560FF8}"
EndProject
Project("{FAE04EC0-301F-11D3-BF4B-00C04F79EFBC}") = "DKClinic.CustomerProgram", "DKClinic.CustomerProgram\DKClinic.CustomerProgram.csproj", "{712021E2-3966-4748-BC96-DB2322F857B7}"
EndProject
Project("{2150E333-8FDC-42A3-9474-1A3956D46DE8}") = "Solution Items", "Solution Items", "{1B7A167C-C538-437F-9BA3-773129A11819}"
	ProjectSection(SolutionItems) = preProject
		README.md = README.md
	EndProjectSection
EndProject
Global
	GlobalSection(SolutionConfigurationPlatforms) = preSolution
		Debug|Any CPU = Debug|Any CPU
		Release|Any CPU = Release|Any CPU
	EndGlobalSection
	GlobalSection(ProjectConfigurationPlatforms) = postSolution
		{6A675453-7F64-4DAE-A80E-FD53641495B4}.Debug|Any CPU.ActiveCfg = Debug|Any CPU
		{6A675453-7F64-4DAE-A80E-FD53641495B4}.Debug|Any CPU.Build.0 = Debug|Any CPU
		{6A675453-7F64-4DAE-A80E-FD53641495B4}.Release|Any CPU.ActiveCfg = Release|Any CPU
		{6A675453-7F64-4DAE-A80E-FD53641495B4}.Release|Any CPU.Build.0 = Release|Any CPU
		{DE04A0F2-CF13-4EF2-A299-256CA668D262}.Debug|Any CPU.ActiveCfg = Debug|Any CPU
		{DE04A0F2-CF13-4EF2-A299-256CA668D262}.Debug|Any CPU.Build.0 = Debug|Any CPU
		{DE04A0F2-CF13-4EF2-A299-256CA668D262}.Release|Any CPU.ActiveCfg = Release|Any CPU
		{DE04A0F2-CF13-4EF2-A299-256CA668D262}.Release|Any CPU.Build.0 = Release|Any CPU
		{F040B52A-5588-4261-9D8D-457481560FF8}.Debug|Any CPU.ActiveCfg = Debug|Any CPU
		{F040B52A-5588-4261-9D8D-457481560FF8}.Debug|Any CPU.Build.0 = Debug|Any CPU
		{F040B52A-5588-4261-9D8D-457481560FF8}.Release|Any CPU.ActiveCfg = Release|Any CPU
		{F040B52A-5588-4261-9D8D-457481560FF8}.Release|Any CPU.Build.0 = Release|Any CPU
		{712021E2-3966-4748-BC96-DB2322F857B7}.Debug|Any CPU.ActiveCfg = Debug|Any CPU
		{712021E2-3966-4748-BC96-DB2322F857B7}.Debug|Any CPU.Build.0 = Debug|Any CPU
		{712021E2-3966-4748-BC96-DB2322F857B7}.Release|Any CPU.ActiveCfg = Release|Any CPU
		{712021E2-3966-4748-BC96-DB2322F857B7}.Release|Any CPU.Build.0 = Release|Any CPU
	EndGlobalSection
	GlobalSection(SolutionProperties) = preSolution
		HideSolutionNode = FALSE
	EndGlobalSection
	GlobalSection(ExtensibilityGlobals) = postSolution
		SolutionGuid = {6AB65249-8D20-4930-B671-7C86EF636709}
	EndGlobalSection
EndGlobal
